// !$*UTF8*$!
{
	archiveVersion = 1;
	classes = {
	};
	objectVersion = 55;
	objects = {

/* Begin PBXBuildFile section */
		830C1EC2275530A800C413C2 /* Beginning.swift in Sources */ = {isa = PBXBuildFile; fileRef = 830C1EC1275530A800C413C2 /* Beginning.swift */; };
		83E41F1C2746623F00ACBD82 /* AppDelegate.swift in Sources */ = {isa = PBXBuildFile; fileRef = 83E41F1B2746623F00ACBD82 /* AppDelegate.swift */; };
		83E41F1E2746623F00ACBD82 /* SceneDelegate.swift in Sources */ = {isa = PBXBuildFile; fileRef = 83E41F1D2746623F00ACBD82 /* SceneDelegate.swift */; };
		83E41F202746623F00ACBD82 /* ViewController.swift in Sources */ = {isa = PBXBuildFile; fileRef = 83E41F1F2746623F00ACBD82 /* ViewController.swift */; };
		83E41F232746623F00ACBD82 /* Main.storyboard in Resources */ = {isa = PBXBuildFile; fileRef = 83E41F212746623F00ACBD82 /* Main.storyboard */; };
		83E41F252746624100ACBD82 /* Assets.xcassets in Resources */ = {isa = PBXBuildFile; fileRef = 83E41F242746624100ACBD82 /* Assets.xcassets */; };
		83E41F282746624100ACBD82 /* LaunchScreen.storyboard in Resources */ = {isa = PBXBuildFile; fileRef = 83E41F262746624100ACBD82 /* LaunchScreen.storyboard */; };
		83E41F332746652900ACBD82 /* QuoteManager.swift in Sources */ = {isa = PBXBuildFile; fileRef = 83E41F322746652900ACBD82 /* QuoteManager.swift */; };
		83E41F352746658600ACBD82 /* QuoteData.swift in Sources */ = {isa = PBXBuildFile; fileRef = 83E41F342746658600ACBD82 /* QuoteData.swift */; };
		83E41F372746690500ACBD82 /* QuoteModel.swift in Sources */ = {isa = PBXBuildFile; fileRef = 83E41F362746690500ACBD82 /* QuoteModel.swift */; };
/* End PBXBuildFile section */

/* Begin PBXFileReference section */
		830C1EC1275530A800C413C2 /* Beginning.swift */ = {isa = PBXFileReference; lastKnownFileType = sourcecode.swift; path = Beginning.swift; sourceTree = "<group>"; };
		83E41F182746623F00ACBD82 /* Anime Quotes.app */ = {isa = PBXFileReference; explicitFileType = wrapper.application; includeInIndex = 0; path = "Anime Quotes.app"; sourceTree = BUILT_PRODUCTS_DIR; };
		83E41F1B2746623F00ACBD82 /* AppDelegate.swift */ = {isa = PBXFileReference; lastKnownFileType = sourcecode.swift; path = AppDelegate.swift; sourceTree = "<group>"; };
		83E41F1D2746623F00ACBD82 /* SceneDelegate.swift */ = {isa = PBXFileReference; lastKnownFileType = sourcecode.swift; path = SceneDelegate.swift; sourceTree = "<group>"; };
		83E41F1F2746623F00ACBD82 /* ViewController.swift */ = {isa = PBXFileReference; lastKnownFileType = sourcecode.swift; path = ViewController.swift; sourceTree = "<group>"; };
		83E41F222746623F00ACBD82 /* Base */ = {isa = PBXFileReference; lastKnownFileType = file.storyboard; name = Base; path = Base.lproj/Main.storyboard; sourceTree = "<group>"; };
		83E41F242746624100ACBD82 /* Assets.xcassets */ = {isa = PBXFileReference; lastKnownFileType = folder.assetcatalog; path = Assets.xcassets; sourceTree = "<group>"; };
		83E41F272746624100ACBD82 /* Base */ = {isa = PBXFileReference; lastKnownFileType = file.storyboard; name = Base; path = Base.lproj/LaunchScreen.storyboard; sourceTree = "<group>"; };
		83E41F292746624100ACBD82 /* Info.plist */ = {isa = PBXFileReference; lastKnownFileType = text.plist.xml; path = Info.plist; sourceTree = "<group>"; };
		83E41F322746652900ACBD82 /* QuoteManager.swift */ = {isa = PBXFileReference; lastKnownFileType = sourcecode.swift; path = QuoteManager.swift; sourceTree = "<group>"; };
		83E41F342746658600ACBD82 /* QuoteData.swift */ = {isa = PBXFileReference; lastKnownFileType = sourcecode.swift; path = QuoteData.swift; sourceTree = "<group>"; };
		83E41F362746690500ACBD82 /* QuoteModel.swift */ = {isa = PBXFileReference; lastKnownFileType = sourcecode.swift; path = QuoteModel.swift; sourceTree = "<group>"; };
/* End PBXFileReference section */

/* Begin PBXFrameworksBuildPhase section */
		83E41F152746623F00ACBD82 /* Frameworks */ = {
			isa = PBXFrameworksBuildPhase;
			buildActionMask = 2147483647;
			files = (
			);
			runOnlyForDeploymentPostprocessing = 0;
		};
/* End PBXFrameworksBuildPhase section */

/* Begin PBXGroup section */
		83E41F0F2746623F00ACBD82 = {
			isa = PBXGroup;
			children = (
				83E41F1A2746623F00ACBD82 /* Anime Quotes */,
				83E41F192746623F00ACBD82 /* Products */,
			);
			sourceTree = "<group>";
		};
		83E41F192746623F00ACBD82 /* Products */ = {
			isa = PBXGroup;
			children = (
				83E41F182746623F00ACBD82 /* Anime Quotes.app */,
			);
			name = Products;
			sourceTree = "<group>";
		};
		83E41F1A2746623F00ACBD82 /* Anime Quotes */ = {
			isa = PBXGroup;
			children = (
				83E41F31274664F400ACBD82 /* Controller */,
				83E41F30274664ED00ACBD82 /* View */,
				83E41F2F274664E500ACBD82 /* Model */,
				83E41F1B2746623F00ACBD82 /* AppDelegate.swift */,
				83E41F1D2746623F00ACBD82 /* SceneDelegate.swift */,
				83E41F242746624100ACBD82 /* Assets.xcassets */,
				83E41F262746624100ACBD82 /* LaunchScreen.storyboard */,
				83E41F292746624100ACBD82 /* Info.plist */,
			);
			path = "Anime Quotes";
			sourceTree = "<group>";
		};
		83E41F2F274664E500ACBD82 /* Model */ = {
			isa = PBXGroup;
			children = (
				83E41F322746652900ACBD82 /* QuoteManager.swift */,
				83E41F342746658600ACBD82 /* QuoteData.swift */,
				83E41F362746690500ACBD82 /* QuoteModel.swift */,
			);
			path = Model;
			sourceTree = "<group>";
		};
		83E41F30274664ED00ACBD82 /* View */ = {
			isa = PBXGroup;
			children = (
				83E41F212746623F00ACBD82 /* Main.storyboard */,
			);
			path = View;
			sourceTree = "<group>";
		};
		83E41F31274664F400ACBD82 /* Controller */ = {
			isa = PBXGroup;
			children = (
				83E41F1F2746623F00ACBD82 /* ViewController.swift */,
				830C1EC1275530A800C413C2 /* Beginning.swift */,
			);
			path = Controller;
			sourceTree = "<group>";
		};
/* End PBXGroup section */

/* Begin PBXNativeTarget section */
		83E41F172746623F00ACBD82 /* Anime Quotes */ = {
			isa = PBXNativeTarget;
			buildConfigurationList = 83E41F2C2746624100ACBD82 /* Build configuration list for PBXNativeTarget "Anime Quotes" */;
			buildPhases = (
				83E41F142746623F00ACBD82 /* Sources */,
				83E41F152746623F00ACBD82 /* Frameworks */,
				83E41F162746623F00ACBD82 /* Resources */,
			);
			buildRules = (
			);
			dependencies = (
			);
			name = "Anime Quotes";
			productName = "Anime Quotes";
			productReference = 83E41F182746623F00ACBD82 /* Anime Quotes.app */;
			productType = "com.apple.product-type.application";
		};
/* End PBXNativeTarget section */

/* Begin PBXProject section */
		83E41F102746623F00ACBD82 /* Project object */ = {
			isa = PBXProject;
			attributes = {
				BuildIndependentTargetsInParallel = 1;
				LastSwiftUpdateCheck = 1310;
				LastUpgradeCheck = 1310;
				TargetAttributes = {
					83E41F172746623F00ACBD82 = {
						CreatedOnToolsVersion = 13.1;
					};
				};
			};
			buildConfigurationList = 83E41F132746623F00ACBD82 /* Build configuration list for PBXProject "Anime Quotes" */;
			compatibilityVersion = "Xcode 13.0";
			developmentRegion = en;
			hasScannedForEncodings = 0;
			knownRegions = (
				en,
				Base,
			);
			mainGroup = 83E41F0F2746623F00ACBD82;
			productRefGroup = 83E41F192746623F00ACBD82 /* Products */;
			projectDirPath = "";
			projectRoot = "";
			targets = (
				83E41F172746623F00ACBD82 /* Anime Quotes */,
			);
		};
/* End PBXProject section */

/* Begin PBXResourcesBuildPhase section */
		83E41F162746623F00ACBD82 /* Resources */ = {
			isa = PBXResourcesBuildPhase;
			buildActionMask = 2147483647;
			files = (
				83E41F282746624100ACBD82 /* LaunchScreen.storyboard in Resources */,
				83E41F252746624100ACBD82 /* Assets.xcassets in Resources */,
				83E41F232746623F00ACBD82 /* Main.storyboard in Resources */,
			);
			runOnlyForDeploymentPostprocessing = 0;
		};
/* End PBXResourcesBuildPhase section */

/* Begin PBXSourcesBuildPhase section */
		83E41F142746623F00ACBD82 /* Sources */ = {
			isa = PBXSourcesBuildPhase;
			buildActionMask = 2147483647;
			files = (
				83E41F372746690500ACBD82 /* QuoteModel.swift in Sources */,
				83E41F202746623F00ACBD82 /* ViewController.swift in Sources */,
				83E41F1C2746623F00ACBD82 /* AppDelegate.swift in Sources */,
				830C1EC2275530A800C413C2 /* Beginning.swift in Sources */,
				83E41F332746652900ACBD82 /* QuoteManager.swift in Sources */,
				83E41F1E2746623F00ACBD82 /* SceneDelegate.swift in Sources */,
				83E41F352746658600ACBD82 /* QuoteData.swift in Sources */,
			);
			runOnlyForDeploymentPostprocessing = 0;
		};
/* End PBXSourcesBuildPhase section */

/* Begin PBXVariantGroup section */
		83E41F212746623F00ACBD82 /* Main.storyboard */ = {
			isa = PBXVariantGroup;
			children = (
				83E41F222746623F00ACBD82 /* Base */,
			);
			name = Main.storyboard;
			sourceTree = "<group>";
		};
		83E41F262746624100ACBD82 /* LaunchScreen.storyboard */ = {
			isa = PBXVariantGroup;
			children = (
				83E41F272746624100ACBD82 /* Base */,
			);
			name = LaunchScreen.storyboard;
			sourceTree = "<group>";
		};
/* End PBXVariantGroup section */

/* Begin XCBuildConfiguration section */
		83E41F2A2746624100ACBD82 /* Debug */ = {
			isa = XCBuildConfiguration;
			buildSettings = {
				ALWAYS_SEARCH_USER_PATHS = NO;
				CLANG_ANALYZER_NONNULL = YES;
				CLANG_ANALYZER_NUMBER_OBJECT_CONVERSION = YES_AGGRESSIVE;
				CLANG_CXX_LANGUAGE_STANDARD = "gnu++17";
				CLANG_CXX_LIBRARY = "libc++";
				CLANG_ENABLE_MODULES = YES;
				CLANG_ENABLE_OBJC_ARC = YES;
				CLANG_ENABLE_OBJC_WEAK = YES;
				CLANG_WARN_BLOCK_CAPTURE_AUTORELEASING = YES;
				CLANG_WARN_BOOL_CONVERSION = YES;
				CLANG_WARN_COMMA = YES;
				CLANG_WARN_CONSTANT_CONVERSION = YES;
				CLANG_WARN_DEPRECATED_OBJC_IMPLEMENTATIONS = YES;
				CLANG_WARN_DIRECT_OBJC_ISA_USAGE = YES_ERROR;
				CLANG_WARN_DOCUMENTATION_COMMENTS = YES;
				CLANG_WARN_EMPTY_BODY = YES;
				CLANG_WARN_ENUM_CONVERSION = YES;
				CLANG_WARN_INFINITE_RECURSION = YES;
				CLANG_WARN_INT_CONVERSION = YES;
				CLANG_WARN_NON_LITERAL_NULL_CONVERSION = YES;
				CLANG_WARN_OBJC_IMPLICIT_RETAIN_SELF = YES;
				CLANG_WARN_OBJC_LITERAL_CONVERSION = YES;
				CLANG_WARN_OBJC_ROOT_CLASS = YES_ERROR;
				CLANG_WARN_QUOTED_INCLUDE_IN_FRAMEWORK_HEADER = YES;
				CLANG_WARN_RANGE_LOOP_ANALYSIS = YES;
				CLANG_WARN_STRICT_PROTOTYPES = YES;
				CLANG_WARN_SUSPICIOUS_MOVE = YES;
				CLANG_WARN_UNGUARDED_AVAILABILITY = YES_AGGRESSIVE;
				CLANG_WARN_UNREACHABLE_CODE = YES;
				CLANG_WARN__DUPLICATE_METHOD_MATCH = YES;
				COPY_PHASE_STRIP = NO;
				DEBUG_INFORMATION_FORMAT = dwarf;
				ENABLE_STRICT_OBJC_MSGSEND = YES;
				ENABLE_TESTABILITY = YES;
				GCC_C_LANGUAGE_STANDARD = gnu11;
				GCC_DYNAMIC_NO_PIC = NO;
				GCC_NO_COMMON_BLOCKS = YES;
				GCC_OPTIMIZATION_LEVEL = 0;
				GCC_PREPROCESSOR_DEFINITIONS = (
					"DEBUG=1",
					"$(inherited)",
				);
				GCC_WARN_64_TO_32_BIT_CONVERSION = YES;
				GCC_WARN_ABOUT_RETURN_TYPE = YES_ERROR;
				GCC_WARN_UNDECLARED_SELECTOR = YES;
				GCC_WARN_UNINITIALIZED_AUTOS = YES_AGGRESSIVE;
				GCC_WARN_UNUSED_FUNCTION = YES;
				GCC_WARN_UNUSED_VARIABLE = YES;
				IPHONEOS_DEPLOYMENT_TARGET = 15.0;
				MTL_ENABLE_DEBUG_INFO = INCLUDE_SOURCE;
				MTL_FAST_MATH = YES;
				ONLY_ACTIVE_ARCH = YES;
				SDKROOT = iphoneos;
				SWIFT_ACTIVE_COMPILATION_CONDITIONS = DEBUG;
				SWIFT_OPTIMIZATION_LEVEL = "-Onone";
			};
			name = Debug;
		};
		83E41F2B2746624100ACBD82 /* Release */ = {
			isa = XCBuildConfiguration;
			buildSettings = {
				ALWAYS_SEARCH_USER_PATHS = NO;
				CLANG_ANALYZER_NONNULL = YES;
				CLANG_ANALYZER_NUMBER_OBJECT_CONVERSION = YES_AGGRESSIVE;
				CLANG_CXX_LANGUAGE_STANDARD = "gnu++17";
				CLANG_CXX_LIBRARY = "libc++";
				CLANG_ENABLE_MODULES = YES;
				CLANG_ENABLE_OBJC_ARC = YES;
				CLANG_ENABLE_OBJC_WEAK = YES;
				CLANG_WARN_BLOCK_CAPTURE_AUTORELEASING = YES;
				CLANG_WARN_BOOL_CONVERSION = YES;
				CLANG_WARN_COMMA = YES;
				CLANG_WARN_CONSTANT_CONVERSION = YES;
				CLANG_WARN_DEPRECATED_OBJC_IMPLEMENTATIONS = YES;
				CLANG_WARN_DIRECT_OBJC_ISA_USAGE = YES_ERROR;
				CLANG_WARN_DOCUMENTATION_COMMENTS = YES;
				CLANG_WARN_EMPTY_BODY = YES;
				CLANG_WARN_ENUM_CONVERSION = YES;
				CLANG_WARN_INFINITE_RECURSION = YES;
				CLANG_WARN_INT_CONVERSION = YES;
				CLANG_WARN_NON_LITERAL_NULL_CONVERSION = YES;
				CLANG_WARN_OBJC_IMPLICIT_RETAIN_SELF = YES;
				CLANG_WARN_OBJC_LITERAL_CONVERSION = YES;
				CLANG_WARN_OBJC_ROOT_CLASS = YES_ERROR;
				CLANG_WARN_QUOTED_INCLUDE_IN_FRAMEWORK_HEADER = YES;
				CLANG_WARN_RANGE_LOOP_ANALYSIS = YES;
				CLANG_WARN_STRICT_PROTOTYPES = YES;
				CLANG_WARN_SUSPICIOUS_MOVE = YES;
				CLANG_WARN_UNGUARDED_AVAILABILITY = YES_AGGRESSIVE;
				CLANG_WARN_UNREACHABLE_CODE = YES;
				CLANG_WARN__DUPLICATE_METHOD_MATCH = YES;
				COPY_PHASE_STRIP = NO;
				DEBUG_INFORMATION_FORMAT = "dwarf-with-dsym";
				ENABLE_NS_ASSERTIONS = NO;
				ENABLE_STRICT_OBJC_MSGSEND = YES;
				GCC_C_LANGUAGE_STANDARD = gnu11;
				GCC_NO_COMMON_BLOCKS = YES;
				GCC_WARN_64_TO_32_BIT_CONVERSION = YES;
				GCC_WARN_ABOUT_RETURN_TYPE = YES_ERROR;
				GCC_WARN_UNDECLARED_SELECTOR = YES;
				GCC_WARN_UNINITIALIZED_AUTOS = YES_AGGRESSIVE;
				GCC_WARN_UNUSED_FUNCTION = YES;
				GCC_WARN_UNUSED_VARIABLE = YES;
				IPHONEOS_DEPLOYMENT_TARGET = 15.0;
				MTL_ENABLE_DEBUG_INFO = NO;
				MTL_FAST_MATH = YES;
				SDKROOT = iphoneos;
				SWIFT_COMPILATION_MODE = wholemodule;
				SWIFT_OPTIMIZATION_LEVEL = "-O";
				VALIDATE_PRODUCT = YES;
			};
			name = Release;
		};
		83E41F2D2746624100ACBD82 /* Debug */ = {
			isa = XCBuildConfiguration;
			buildSettings = {
				ASSETCATALOG_COMPILER_APPICON_NAME = AppIcon;
				ASSETCATALOG_COMPILER_GLOBAL_ACCENT_COLOR_NAME = AccentColor;
				CODE_SIGN_STYLE = Automatic;
				CURRENT_PROJECT_VERSION = 1;
				DEVELOPMENT_TEAM = QNXV57SQKM;
				GENERATE_INFOPLIST_FILE = YES;
				INFOPLIST_FILE = "Anime Quotes/Info.plist";
				INFOPLIST_KEY_UIApplicationSupportsIndirectInputEvents = YES;
				INFOPLIST_KEY_UILaunchStoryboardName = LaunchScreen;
				INFOPLIST_KEY_UIMainStoryboardFile = Main;
				INFOPLIST_KEY_UISupportedInterfaceOrientations_iPad = "UIInterfaceOrientationPortrait UIInterfaceOrientationPortraitUpsideDown UIInterfaceOrientationLandscapeLeft UIInterfaceOrientationLandscapeRight";
				INFOPLIST_KEY_UISupportedInterfaceOrientations_iPhone = "UIInterfaceOrientationPortrait UIInterfaceOrientationLandscapeLeft UIInterfaceOrientationLandscapeRight";
				LD_RUNPATH_SEARCH_PATHS = (
					"$(inherited)",
					"@executable_path/Frameworks",
				);
				MARKETING_VERSION = 1.0;
				PRODUCT_BUNDLE_IDENTIFIER = "com.tomas.Anime-Quotes";
				PRODUCT_NAME = "$(TARGET_NAME)";
				SWIFT_EMIT_LOC_STRINGS = YES;
				SWIFT_VERSION = 5.0;
				TARGETED_DEVICE_FAMILY = "1,2";
			};
			name = Debug;
		};
		83E41F2E2746624100ACBD82 /* Release */ = {
			isa = XCBuildConfiguration;
			buildSettings = {
				ASSETCATALOG_COMPILER_APPICON_NAME = AppIcon;
				ASSETCATALOG_COMPILER_GLOBAL_ACCENT_COLOR_NAME = AccentColor;
				CODE_SIGN_STYLE = Automatic;
				CURRENT_PROJECT_VERSION = 1;
				DEVELOPMENT_TEAM = QNXV57SQKM;
				GENERATE_INFOPLIST_FILE = YES;
				INFOPLIST_FILE = "Anime Quotes/Info.plist";
				INFOPLIST_KEY_UIApplicationSupportsIndirectInputEvents = YES;
				INFOPLIST_KEY_UILaunchStoryboardName = LaunchScreen;
				INFOPLIST_KEY_UIMainStoryboardFile = Main;
				INFOPLIST_KEY_UISupportedInterfaceOrientations_iPad = "UIInterfaceOrientationPortrait UIInterfaceOrientationPortraitUpsideDown UIInterfaceOrientationLandscapeLeft UIInterfaceOrientationLandscapeRight";
				INFOPLIST_KEY_UISupportedInterfaceOrientations_iPhone = "UIInterfaceOrientationPortrait UIInterfaceOrientationLandscapeLeft UIInterfaceOrientationLandscapeRight";
				LD_RUNPATH_SEARCH_PATHS = (
					"$(inherited)",
					"@executable_path/Frameworks",
				);
				MARKETING_VERSION = 1.0;
				PRODUCT_BUNDLE_IDENTIFIER = "com.tomas.Anime-Quotes";
				PRODUCT_NAME = "$(TARGET_NAME)";
				SWIFT_EMIT_LOC_STRINGS = YES;
				SWIFT_VERSION = 5.0;
				TARGETED_DEVICE_FAMILY = "1,2";
			};
			name = Release;
		};
/* End XCBuildConfiguration section */

/* Begin XCConfigurationList section */
		83E41F132746623F00ACBD82 /* Build configuration list for PBXProject "Anime Quotes" */ = {
			isa = XCConfigurationList;
			buildConfigurations = (
				83E41F2A2746624100ACBD82 /* Debug */,
				83E41F2B2746624100ACBD82 /* Release */,
			);
			defaultConfigurationIsVisible = 0;
			defaultConfigurationName = Release;
		};
		83E41F2C2746624100ACBD82 /* Build configuration list for PBXNativeTarget "Anime Quotes" */ = {
			isa = XCConfigurationList;
			buildConfigurations = (
				83E41F2D2746624100ACBD82 /* Debug */,
				83E41F2E2746624100ACBD82 /* Release */,
			);
			defaultConfigurationIsVisible = 0;
			defaultConfigurationName = Release;
		};
/* End XCConfigurationList section */
	};
	rootObject = 83E41F102746623F00ACBD82 /* Project object */;
}
